{
    "_readme": [
        "This file locks the dependencies of your project to a known state",
        "Read more about it at http://getcomposer.org/doc/01-basic-usage.md#composer-lock-the-lock-file",
        "This file is @generated automatically"
    ],
    "hash": "82f1d04c08c6cc48189c1adf650c17a5",
    "packages": [
        {
            "name": "slim/slim",
            "version": "dev-master",
            "source": {
                "type": "git",
                "url": "https://github.com/codeguy/Slim.git",
                "reference": "04958a10ed95bc7bc97568e573877d4f9b62db48"
            },
            "dist": {
                "type": "zip",
                "url": "https://api.github.com/repos/codeguy/Slim/zipball/04958a10ed95bc7bc97568e573877d4f9b62db48",
                "reference": "04958a10ed95bc7bc97568e573877d4f9b62db48",
                "shasum": ""
            },
            "require": {
                "php": ">=5.3.0"
            },
            "suggest": {
                "ext-mcrypt": "Required for HTTP cookie encryption"
            },
            "type": "library",
            "autoload": {
                "psr-0": {
                    "Slim": "."
                }
            },
            "notification-url": "https://packagist.org/downloads/",
            "license": [
                "MIT"
            ],
            "authors": [
                {
                    "name": "Josh Lockhart",
                    "email": "info@joshlockhart.com",
                    "homepage": "http://www.joshlockhart.com/"
                }
            ],
            "description": "Slim Framework, a PHP micro framework",
            "homepage": "http://github.com/codeguy/Slim",
            "keywords": [
                "microframework",
                "rest",
                "router"
            ],
            "time": "2014-12-09 19:59:29"
        },
        {
            "name": "sunra/php-simple-html-dom-parser",
            "version": "dev-master",
            "source": {
                "type": "git",
                "url": "https://github.com/sunra/php-simple-html-dom-parser.git",
                "reference": "89ee2ced64d54c3380cf955e7d370458773f119f"
            },
            "dist": {
                "type": "zip",
                "url": "https://api.github.com/repos/sunra/php-simple-html-dom-parser/zipball/89ee2ced64d54c3380cf955e7d370458773f119f",
                "reference": "89ee2ced64d54c3380cf955e7d370458773f119f",
                "shasum": ""
            },
            "require": {
                "php": ">=5.3.2"
            },
            "type": "library",
            "autoload": {
                "psr-0": {
                    "Sunra\\PhpSimple\\HtmlDomParser": "Src/"
                }
            },
            "notification-url": "https://packagist.org/downloads/",
            "license": [
                "MIT"
            ],
            "authors": [
                {
                    "name": "Sunra",
                    "email": "sunra@yandex.ru",
                    "homepage": "http://github.com/sunra"
                }
            ],
            "description": "Composer adaptation of: A HTML DOM parser written in PHP5+ let you manipulate HTML in a very easy way! Require PHP 5+. Supports invalid HTML. Find tags on an HTML page with selectors just like jQuery. Extract contents from HTML in a single line.",
            "homepage": "https://github.com/sunra/php-simple-html-dom-parser",
            "keywords": [
                "dom",
                "html",
                "parser"
            ],
            "time": "2014-07-08 18:25:34"
        }
    ],
    "packages-dev": [],
    "aliases": [],
    "minimum-stability": "dev",
    "stability-flags": {
        "slim/slim": 20,
        "sunra/php-simple-html-dom-parser": 20
    },
    "prefer-stable": false,
    "platform": [],
    "platform-dev": []
}
