{
    "_readme": [
        "This file locks the dependencies of your project to a known state",
        "Read more about it at http://getcomposer.org/doc/01-basic-usage.md#composer-lock-the-lock-file"
    ],
    "hash": "a8ca3164b7bce86e9b8d27a604e8ae28",
    "packages": [
        {
            "name": "joelvardy/config",
            "version": "dev-master",
            "source": {
                "type": "git",
                "url": "https://github.com/joelvardy/config.git",
                "reference": "dcabc3b081f755b4ce0174f70837c934843c7efe"
            },
            "dist": {
                "type": "zip",
                "url": "https://api.github.com/repos/joelvardy/config/zipball/dcabc3b081f755b4ce0174f70837c934843c7efe",
                "reference": "dcabc3b081f755b4ce0174f70837c934843c7efe",
                "shasum": ""
            },
            "require": {
                "php": ">=5.0.0"
            },
            "type": "library",
            "autoload": {
                "psr-0": {
                    "Joelvardy": "src"
                }
            },
            "notification-url": "https://packagist.org/downloads/",
            "license": [
                "MIT"
            ],
            "authors": [
                {
                    "name": "Joel Vardy",
                    "email": "info@joelvardy.com",
                    "homepage": "https://joelvardy.com",
                    "role": "Developer"
                }
            ],
            "description": "Application configuration library.",
            "homepage": "https://github.com/joelvardy/config",
            "keywords": [
                "config",
                "configuration"
            ],
            "time": "2013-09-13 11:58:48"
        },
        {
            "name": "joelvardy/routes",
            "version": "v1.1",
            "source": {
                "type": "git",
                "url": "https://github.com/joelvardy/routes.git",
                "reference": "5e61b70451cab49abfb948b7efaa3eb60f0a7832"
            },
            "dist": {
                "type": "zip",
                "url": "https://api.github.com/repos/joelvardy/routes/zipball/5e61b70451cab49abfb948b7efaa3eb60f0a7832",
                "reference": "5e61b70451cab49abfb948b7efaa3eb60f0a7832",
                "shasum": ""
            },
            "require": {
                "php": ">=5.0.0"
            },
            "type": "library",
            "autoload": {
                "psr-0": {
                    "Joelvardy": "src"
                }
            },
            "notification-url": "https://packagist.org/downloads/",
            "license": [
                "MIT"
            ],
            "authors": [
                {
                    "name": "Joel Vardy",
                    "email": "info@joelvardy.com",
                    "homepage": "http://joelvardy.com",
                    "role": "Developer"
                }
            ],
            "description": "Simple RESTful routing",
            "homepage": "https://github.com/joelvardy/routes",
            "keywords": [
                "rest",
                "restful",
                "route",
                "routing"
            ],
            "time": "2013-03-26 11:59:53"
        },
        {
            "name": "sunra/php-simple-html-dom-parser",
            "version": "dev-master",
            "source": {
                "type": "git",
                "url": "https://github.com/sunra/php-simple-html-dom-parser.git",
                "reference": "0a639c1ccd47a4fe2dffc8c2565ef95b922941ec"
            },
            "dist": {
                "type": "zip",
                "url": "https://api.github.com/repos/sunra/php-simple-html-dom-parser/zipball/0a639c1ccd47a4fe2dffc8c2565ef95b922941ec",
                "reference": "0a639c1ccd47a4fe2dffc8c2565ef95b922941ec",
                "shasum": ""
            },
            "require": {
                "php": ">=5.3.2"
            },
            "type": "library",
            "autoload": {
                "psr-0": {
                    "Sunra\\PhpSimple\\HtmlDomParser": "Src/"
                }
            },
            "notification-url": "https://packagist.org/downloads/",
            "license": [
                "MIT"
            ],
            "authors": [
                {
                    "name": "Sunra",
                    "email": "sunra@yandex.ru",
                    "homepage": "https://github.com/sunra"
                }
            ],
            "description": "Composer adaptation of: A HTML DOM parser written in PHP5+ let you manipulate HTML in a very easy way! Require PHP 5+. Supports invalid HTML. Find tags on an HTML page with selectors just like jQuery. Extract contents from HTML in a single line.",
            "homepage": "https://github.com/sunra/php-simple-html-dom-parser",
            "keywords": [
                "dom",
                "html",
                "parser"
            ],
            "time": "2013-01-08 03:33:40"
        }
    ],
    "packages-dev": [

    ],
    "aliases": [

    ],
    "minimum-stability": "dev",
    "stability-flags": {
        "joelvardy/config": 20,
        "sunra/php-simple-html-dom-parser": 20
    },
    "platform": [

    ],
    "platform-dev": [

    ]
}
